
Microsoft Visual Studio Solution File, Format Version 12.00
# Visual Studio 15
VisualStudioVersion = 15.0.28307.329
MinimumVisualStudioVersion = 10.0.40219.1
Project("{FAE04EC0-301F-11D3-BF4B-00C04F79EFBC}") = "Brainence.Domain", "Brainence.Domain\Brainence.Domain.csproj", "{C1E051D5-660B-45A0-B2F8-03366F18C1F4}"
EndProject
Project("{FAE04EC0-301F-11D3-BF4B-00C04F79EFBC}") = "Brainence.DAL", "Brainence.DAL\Brainence.DAL.csproj", "{D3C81C02-3AE4-4077-A2EC-8C777C2E5102}"
EndProject
Global
	GlobalSection(SolutionConfigurationPlatforms) = preSolution
		Debug|Any CPU = Debug|Any CPU
		Release|Any CPU = Release|Any CPU
	EndGlobalSection
	GlobalSection(ProjectConfigurationPlatforms) = postSolution
		{C1E051D5-660B-45A0-B2F8-03366F18C1F4}.Debug|Any CPU.ActiveCfg = Debug|Any CPU
		{C1E051D5-660B-45A0-B2F8-03366F18C1F4}.Debug|Any CPU.Build.0 = Debug|Any CPU
		{C1E051D5-660B-45A0-B2F8-03366F18C1F4}.Release|Any CPU.ActiveCfg = Release|Any CPU
		{C1E051D5-660B-45A0-B2F8-03366F18C1F4}.Release|Any CPU.Build.0 = Release|Any CPU
		{D3C81C02-3AE4-4077-A2EC-8C777C2E5102}.Debug|Any CPU.ActiveCfg = Debug|Any CPU
		{D3C81C02-3AE4-4077-A2EC-8C777C2E5102}.Debug|Any CPU.Build.0 = Debug|Any CPU
		{D3C81C02-3AE4-4077-A2EC-8C777C2E5102}.Release|Any CPU.ActiveCfg = Release|Any CPU
		{D3C81C02-3AE4-4077-A2EC-8C777C2E5102}.Release|Any CPU.Build.0 = Release|Any CPU
	EndGlobalSection
	GlobalSection(SolutionProperties) = preSolution
		HideSolutionNode = FALSE
	EndGlobalSection
	GlobalSection(ExtensibilityGlobals) = postSolution
		SolutionGuid = {0103CB60-C366-48FC-AC79-54EA79ADF90C}
	EndGlobalSection
EndGlobal
